
Microsoft Visual Studio Solution File, Format Version 12.00
# Visual Studio Version 16
VisualStudioVersion = 16.0.30804.86
MinimumVisualStudioVersion = 10.0.40219.1
Project("{9092AA53-FB77-4645-B42D-1CCCA6BD08BD}") = "NodejsWebApp1", "NodejsWebApp1\NodejsWebApp1.njsproj", "{8D5621A6-AA50-4D72-BD48-60D4E8882F5D}"
EndProject
Global
	GlobalSection(SolutionConfigurationPlatforms) = preSolution
		Debug|Any CPU = Debug|Any CPU
		Release|Any CPU = Release|Any CPU
	EndGlobalSection
	GlobalSection(ProjectConfigurationPlatforms) = postSolution
		{8D5621A6-AA50-4D72-BD48-60D4E8882F5D}.Debug|Any CPU.ActiveCfg = Debug|Any CPU
		{8D5621A6-AA50-4D72-BD48-60D4E8882F5D}.Debug|Any CPU.Build.0 = Debug|Any CPU
		{8D5621A6-AA50-4D72-BD48-60D4E8882F5D}.Release|Any CPU.ActiveCfg = Release|Any CPU
		{8D5621A6-AA50-4D72-BD48-60D4E8882F5D}.Release|Any CPU.Build.0 = Release|Any CPU
	EndGlobalSection
	GlobalSection(SolutionProperties) = preSolution
		HideSolutionNode = FALSE
	EndGlobalSection
	GlobalSection(ExtensibilityGlobals) = postSolution
		SolutionGuid = {A70152DF-5DA7-45F1-B935-069EE819AE42}
	EndGlobalSection
EndGlobal
